// !$*UTF8*$!
{
	archiveVersion = 1;
	classes = {
	};
	objectVersion = 56;
	objects = {

/* Begin PBXBuildFile section */
		9AE27FC52A2CFE1D0057B272 /* AppDelegate.swift in Sources */ = {isa = PBXBuildFile; fileRef = 9AE27FC42A2CFE1D0057B272 /* AppDelegate.swift */; };
		9AE27FC72A2CFE1D0057B272 /* SceneDelegate.swift in Sources */ = {isa = PBXBuildFile; fileRef = 9AE27FC62A2CFE1D0057B272 /* SceneDelegate.swift */; };
		9AE27FC92A2CFE1D0057B272 /* ViewController.swift in Sources */ = {isa = PBXBuildFile; fileRef = 9AE27FC82A2CFE1D0057B272 /* ViewController.swift */; };
		9AE27FCC2A2CFE1D0057B272 /* Main.storyboard in Resources */ = {isa = PBXBuildFile; fileRef = 9AE27FCA2A2CFE1D0057B272 /* Main.storyboard */; };
		9AE27FCE2A2CFE1E0057B272 /* Assets.xcassets in Resources */ = {isa = PBXBuildFile; fileRef = 9AE27FCD2A2CFE1E0057B272 /* Assets.xcassets */; };
		9AE27FD12A2CFE1E0057B272 /* LaunchScreen.storyboard in Resources */ = {isa = PBXBuildFile; fileRef = 9AE27FCF2A2CFE1E0057B272 /* LaunchScreen.storyboard */; };
		9AE27FDC2A2CFE1E0057B272 /* calculatorTests.swift in Sources */ = {isa = PBXBuildFile; fileRef = 9AE27FDB2A2CFE1E0057B272 /* calculatorTests.swift */; };
		9AE27FE62A2CFE1E0057B272 /* calculatorUITests.swift in Sources */ = {isa = PBXBuildFile; fileRef = 9AE27FE52A2CFE1E0057B272 /* calculatorUITests.swift */; };
		9AE27FE82A2CFE1E0057B272 /* calculatorUITestsLaunchTests.swift in Sources */ = {isa = PBXBuildFile; fileRef = 9AE27FE72A2CFE1E0057B272 /* calculatorUITestsLaunchTests.swift */; };
/* End PBXBuildFile section */

/* Begin PBXContainerItemProxy section */
		9AE27FD82A2CFE1E0057B272 /* PBXContainerItemProxy */ = {
			isa = PBXContainerItemProxy;
			containerPortal = 9AE27FB92A2CFE1D0057B272 /* Project object */;
			proxyType = 1;
			remoteGlobalIDString = 9AE27FC02A2CFE1D0057B272;
			remoteInfo = calculator;
		};
		9AE27FE22A2CFE1E0057B272 /* PBXContainerItemProxy */ = {
			isa = PBXContainerItemProxy;
			containerPortal = 9AE27FB92A2CFE1D0057B272 /* Project object */;
			proxyType = 1;
			remoteGlobalIDString = 9AE27FC02A2CFE1D0057B272;
			remoteInfo = calculator;
		};
/* End PBXContainerItemProxy section */

/* Begin PBXFileReference section */
		9AE27FC12A2CFE1D0057B272 /* calculator.app */ = {isa = PBXFileReference; explicitFileType = wrapper.application; includeInIndex = 0; path = calculator.app; sourceTree = BUILT_PRODUCTS_DIR; };
		9AE27FC42A2CFE1D0057B272 /* AppDelegate.swift */ = {isa = PBXFileReference; lastKnownFileType = sourcecode.swift; path = AppDelegate.swift; sourceTree = "<group>"; };
		9AE27FC62A2CFE1D0057B272 /* SceneDelegate.swift */ = {isa = PBXFileReference; lastKnownFileType = sourcecode.swift; path = SceneDelegate.swift; sourceTree = "<group>"; };
		9AE27FC82A2CFE1D0057B272 /* ViewController.swift */ = {isa = PBXFileReference; lastKnownFileType = sourcecode.swift; path = ViewController.swift; sourceTree = "<group>"; };
		9AE27FCB2A2CFE1D0057B272 /* Base */ = {isa = PBXFileReference; lastKnownFileType = file.storyboard; name = Base; path = Base.lproj/Main.storyboard; sourceTree = "<group>"; };
		9AE27FCD2A2CFE1E0057B272 /* Assets.xcassets */ = {isa = PBXFileReference; lastKnownFileType = folder.assetcatalog; path = Assets.xcassets; sourceTree = "<group>"; };
		9AE27FD02A2CFE1E0057B272 /* Base */ = {isa = PBXFileReference; lastKnownFileType = file.storyboard; name = Base; path = Base.lproj/LaunchScreen.storyboard; sourceTree = "<group>"; };
		9AE27FD22A2CFE1E0057B272 /* Info.plist */ = {isa = PBXFileReference; lastKnownFileType = text.plist.xml; path = Info.plist; sourceTree = "<group>"; };
		9AE27FD72A2CFE1E0057B272 /* calculatorTests.xctest */ = {isa = PBXFileReference; explicitFileType = wrapper.cfbundle; includeInIndex = 0; path = calculatorTests.xctest; sourceTree = BUILT_PRODUCTS_DIR; };
		9AE27FDB2A2CFE1E0057B272 /* calculatorTests.swift */ = {isa = PBXFileReference; lastKnownFileType = sourcecode.swift; path = calculatorTests.swift; sourceTree = "<group>"; };
		9AE27FE12A2CFE1E0057B272 /* calculatorUITests.xctest */ = {isa = PBXFileReference; explicitFileType = wrapper.cfbundle; includeInIndex = 0; path = calculatorUITests.xctest; sourceTree = BUILT_PRODUCTS_DIR; };
		9AE27FE52A2CFE1E0057B272 /* calculatorUITests.swift */ = {isa = PBXFileReference; lastKnownFileType = sourcecode.swift; path = calculatorUITests.swift; sourceTree = "<group>"; };
		9AE27FE72A2CFE1E0057B272 /* calculatorUITestsLaunchTests.swift */ = {isa = PBXFileReference; lastKnownFileType = sourcecode.swift; path = calculatorUITestsLaunchTests.swift; sourceTree = "<group>"; };
/* End PBXFileReference section */

/* Begin PBXFrameworksBuildPhase section */
		9AE27FBE2A2CFE1D0057B272 /* Frameworks */ = {
			isa = PBXFrameworksBuildPhase;
			buildActionMask = 2147483647;
			files = (
			);
			runOnlyForDeploymentPostprocessing = 0;
		};
		9AE27FD42A2CFE1E0057B272 /* Frameworks */ = {
			isa = PBXFrameworksBuildPhase;
			buildActionMask = 2147483647;
			files = (
			);
			runOnlyForDeploymentPostprocessing = 0;
		};
		9AE27FDE2A2CFE1E0057B272 /* Frameworks */ = {
			isa = PBXFrameworksBuildPhase;
			buildActionMask = 2147483647;
			files = (
			);
			runOnlyForDeploymentPostprocessing = 0;
		};
/* End PBXFrameworksBuildPhase section */

/* Begin PBXGroup section */
		9AE27FB82A2CFE1D0057B272 = {
			isa = PBXGroup;
			children = (
				9AE27FC32A2CFE1D0057B272 /* calculator */,
				9AE27FDA2A2CFE1E0057B272 /* calculatorTests */,
				9AE27FE42A2CFE1E0057B272 /* calculatorUITests */,
				9AE27FC22A2CFE1D0057B272 /* Products */,
			);
			sourceTree = "<group>";
		};
		9AE27FC22A2CFE1D0057B272 /* Products */ = {
			isa = PBXGroup;
			children = (
				9AE27FC12A2CFE1D0057B272 /* calculator.app */,
				9AE27FD72A2CFE1E0057B272 /* calculatorTests.xctest */,
				9AE27FE12A2CFE1E0057B272 /* calculatorUITests.xctest */,
			);
			name = Products;
			sourceTree = "<group>";
		};
		9AE27FC32A2CFE1D0057B272 /* calculator */ = {
			isa = PBXGroup;
			children = (
				9AE27FC42A2CFE1D0057B272 /* AppDelegate.swift */,
				9AE27FC62A2CFE1D0057B272 /* SceneDelegate.swift */,
				9AE27FC82A2CFE1D0057B272 /* ViewController.swift */,
				9AE27FCA2A2CFE1D0057B272 /* Main.storyboard */,
				9AE27FCD2A2CFE1E0057B272 /* Assets.xcassets */,
				9AE27FCF2A2CFE1E0057B272 /* LaunchScreen.storyboard */,
				9AE27FD22A2CFE1E0057B272 /* Info.plist */,
			);
			path = calculator;
			sourceTree = "<group>";
		};
		9AE27FDA2A2CFE1E0057B272 /* calculatorTests */ = {
			isa = PBXGroup;
			children = (
				9AE27FDB2A2CFE1E0057B272 /* calculatorTests.swift */,
			);
			path = calculatorTests;
			sourceTree = "<group>";
		};
		9AE27FE42A2CFE1E0057B272 /* calculatorUITests */ = {
			isa = PBXGroup;
			children = (
				9AE27FE52A2CFE1E0057B272 /* calculatorUITests.swift */,
				9AE27FE72A2CFE1E0057B272 /* calculatorUITestsLaunchTests.swift */,
			);
			path = calculatorUITests;
			sourceTree = "<group>";
		};
/* End PBXGroup section */

/* Begin PBXNativeTarget section */
		9AE27FC02A2CFE1D0057B272 /* calculator */ = {
			isa = PBXNativeTarget;
			buildConfigurationList = 9AE27FEB2A2CFE1E0057B272 /* Build configuration list for PBXNativeTarget "calculator" */;
			buildPhases = (
				9AE27FBD2A2CFE1D0057B272 /* Sources */,
				9AE27FBE2A2CFE1D0057B272 /* Frameworks */,
				9AE27FBF2A2CFE1D0057B272 /* Resources */,
			);
			buildRules = (
			);
			dependencies = (
			);
			name = calculator;
			productName = calculator;
			productReference = 9AE27FC12A2CFE1D0057B272 /* calculator.app */;
			productType = "com.apple.product-type.application";
		};
		9AE27FD62A2CFE1E0057B272 /* calculatorTests */ = {
			isa = PBXNativeTarget;
			buildConfigurationList = 9AE27FEE2A2CFE1E0057B272 /* Build configuration list for PBXNativeTarget "calculatorTests" */;
			buildPhases = (
				9AE27FD32A2CFE1E0057B272 /* Sources */,
				9AE27FD42A2CFE1E0057B272 /* Frameworks */,
				9AE27FD52A2CFE1E0057B272 /* Resources */,
			);
			buildRules = (
			);
			dependencies = (
				9AE27FD92A2CFE1E0057B272 /* PBXTargetDependency */,
			);
			name = calculatorTests;
			productName = calculatorTests;
			productReference = 9AE27FD72A2CFE1E0057B272 /* calculatorTests.xctest */;
			productType = "com.apple.product-type.bundle.unit-test";
		};
		9AE27FE02A2CFE1E0057B272 /* calculatorUITests */ = {
			isa = PBXNativeTarget;
			buildConfigurationList = 9AE27FF12A2CFE1E0057B272 /* Build configuration list for PBXNativeTarget "calculatorUITests" */;
			buildPhases = (
				9AE27FDD2A2CFE1E0057B272 /* Sources */,
				9AE27FDE2A2CFE1E0057B272 /* Frameworks */,
				9AE27FDF2A2CFE1E0057B272 /* Resources */,
			);
			buildRules = (
			);
			dependencies = (
				9AE27FE32A2CFE1E0057B272 /* PBXTargetDependency */,
			);
			name = calculatorUITests;
			productName = calculatorUITests;
			productReference = 9AE27FE12A2CFE1E0057B272 /* calculatorUITests.xctest */;
			productType = "com.apple.product-type.bundle.ui-testing";
		};
/* End PBXNativeTarget section */

/* Begin PBXProject section */
		9AE27FB92A2CFE1D0057B272 /* Project object */ = {
			isa = PBXProject;
			attributes = {
				BuildIndependentTargetsInParallel = 1;
				LastSwiftUpdateCheck = 1430;
				LastUpgradeCheck = 1430;
				TargetAttributes = {
					9AE27FC02A2CFE1D0057B272 = {
						CreatedOnToolsVersion = 14.3;
					};
					9AE27FD62A2CFE1E0057B272 = {
						CreatedOnToolsVersion = 14.3;
						TestTargetID = 9AE27FC02A2CFE1D0057B272;
					};
					9AE27FE02A2CFE1E0057B272 = {
						CreatedOnToolsVersion = 14.3;
						TestTargetID = 9AE27FC02A2CFE1D0057B272;
					};
				};
			};
			buildConfigurationList = 9AE27FBC2A2CFE1D0057B272 /* Build configuration list for PBXProject "calculator" */;
			compatibilityVersion = "Xcode 14.0";
			developmentRegion = en;
			hasScannedForEncodings = 0;
			knownRegions = (
				en,
				Base,
			);
			mainGroup = 9AE27FB82A2CFE1D0057B272;
			productRefGroup = 9AE27FC22A2CFE1D0057B272 /* Products */;
			projectDirPath = "";
			projectRoot = "";
			targets = (
				9AE27FC02A2CFE1D0057B272 /* calculator */,
				9AE27FD62A2CFE1E0057B272 /* calculatorTests */,
				9AE27FE02A2CFE1E0057B272 /* calculatorUITests */,
			);
		};
/* End PBXProject section */

/* Begin PBXResourcesBuildPhase section */
		9AE27FBF2A2CFE1D0057B272 /* Resources */ = {
			isa = PBXResourcesBuildPhase;
			buildActionMask = 2147483647;
			files = (
				9AE27FD12A2CFE1E0057B272 /* LaunchScreen.storyboard in Resources */,
				9AE27FCE2A2CFE1E0057B272 /* Assets.xcassets in Resources */,
				9AE27FCC2A2CFE1D0057B272 /* Main.storyboard in Resources */,
			);
			runOnlyForDeploymentPostprocessing = 0;
		};
		9AE27FD52A2CFE1E0057B272 /* Resources */ = {
			isa = PBXResourcesBuildPhase;
			buildActionMask = 2147483647;
			files = (
			);
			runOnlyForDeploymentPostprocessing = 0;
		};
		9AE27FDF2A2CFE1E0057B272 /* Resources */ = {
			isa = PBXResourcesBuildPhase;
			buildActionMask = 2147483647;
			files = (
			);
			runOnlyForDeploymentPostprocessing = 0;
		};
/* End PBXResourcesBuildPhase section */

/* Begin PBXSourcesBuildPhase section */
		9AE27FBD2A2CFE1D0057B272 /* Sources */ = {
			isa = PBXSourcesBuildPhase;
			buildActionMask = 2147483647;
			files = (
				9AE27FC92A2CFE1D0057B272 /* ViewController.swift in Sources */,
				9AE27FC52A2CFE1D0057B272 /* AppDelegate.swift in Sources */,
				9AE27FC72A2CFE1D0057B272 /* SceneDelegate.swift in Sources */,
			);
			runOnlyForDeploymentPostprocessing = 0;
		};
		9AE27FD32A2CFE1E0057B272 /* Sources */ = {
			isa = PBXSourcesBuildPhase;
			buildActionMask = 2147483647;
			files = (
				9AE27FDC2A2CFE1E0057B272 /* calculatorTests.swift in Sources */,
			);
			runOnlyForDeploymentPostprocessing = 0;
		};
		9AE27FDD2A2CFE1E0057B272 /* Sources */ = {
			isa = PBXSourcesBuildPhase;
			buildActionMask = 2147483647;
			files = (
				9AE27FE82A2CFE1E0057B272 /* calculatorUITestsLaunchTests.swift in Sources */,
				9AE27FE62A2CFE1E0057B272 /* calculatorUITests.swift in Sources */,
			);
			runOnlyForDeploymentPostprocessing = 0;
		};
/* End PBXSourcesBuildPhase section */

/* Begin PBXTargetDependency section */
		9AE27FD92A2CFE1E0057B272 /* PBXTargetDependency */ = {
			isa = PBXTargetDependency;
			target = 9AE27FC02A2CFE1D0057B272 /* calculator */;
			targetProxy = 9AE27FD82A2CFE1E0057B272 /* PBXContainerItemProxy */;
		};
		9AE27FE32A2CFE1E0057B272 /* PBXTargetDependency */ = {
			isa = PBXTargetDependency;
			target = 9AE27FC02A2CFE1D0057B272 /* calculator */;
			targetProxy = 9AE27FE22A2CFE1E0057B272 /* PBXContainerItemProxy */;
		};
/* End PBXTargetDependency section */

/* Begin PBXVariantGroup section */
		9AE27FCA2A2CFE1D0057B272 /* Main.storyboard */ = {
			isa = PBXVariantGroup;
			children = (
				9AE27FCB2A2CFE1D0057B272 /* Base */,
			);
			name = Main.storyboard;
			sourceTree = "<group>";
		};
		9AE27FCF2A2CFE1E0057B272 /* LaunchScreen.storyboard */ = {
			isa = PBXVariantGroup;
			children = (
				9AE27FD02A2CFE1E0057B272 /* Base */,
			);
			name = LaunchScreen.storyboard;
			sourceTree = "<group>";
		};
/* End PBXVariantGroup section */

/* Begin XCBuildConfiguration section */
		9AE27FE92A2CFE1E0057B272 /* Debug */ = {
			isa = XCBuildConfiguration;
			buildSettings = {
				ALWAYS_SEARCH_USER_PATHS = NO;
				CLANG_ANALYZER_NONNULL = YES;
				CLANG_ANALYZER_NUMBER_OBJECT_CONVERSION = YES_AGGRESSIVE;
				CLANG_CXX_LANGUAGE_STANDARD = "gnu++20";
				CLANG_ENABLE_MODULES = YES;
				CLANG_ENABLE_OBJC_ARC = YES;
				CLANG_ENABLE_OBJC_WEAK = YES;
				CLANG_WARN_BLOCK_CAPTURE_AUTORELEASING = YES;
				CLANG_WARN_BOOL_CONVERSION = YES;
				CLANG_WARN_COMMA = YES;
				CLANG_WARN_CONSTANT_CONVERSION = YES;
				CLANG_WARN_DEPRECATED_OBJC_IMPLEMENTATIONS = YES;
				CLANG_WARN_DIRECT_OBJC_ISA_USAGE = YES_ERROR;
				CLANG_WARN_DOCUMENTATION_COMMENTS = YES;
				CLANG_WARN_EMPTY_BODY = YES;
				CLANG_WARN_ENUM_CONVERSION = YES;
				CLANG_WARN_INFINITE_RECURSION = YES;
				CLANG_WARN_INT_CONVERSION = YES;
				CLANG_WARN_NON_LITERAL_NULL_CONVERSION = YES;
				CLANG_WARN_OBJC_IMPLICIT_RETAIN_SELF = YES;
				CLANG_WARN_OBJC_LITERAL_CONVERSION = YES;
				CLANG_WARN_OBJC_ROOT_CLASS = YES_ERROR;
				CLANG_WARN_QUOTED_INCLUDE_IN_FRAMEWORK_HEADER = YES;
				CLANG_WARN_RANGE_LOOP_ANALYSIS = YES;
				CLANG_WARN_STRICT_PROTOTYPES = YES;
				CLANG_WARN_SUSPICIOUS_MOVE = YES;
				CLANG_WARN_UNGUARDED_AVAILABILITY = YES_AGGRESSIVE;
				CLANG_WARN_UNREACHABLE_CODE = YES;
				CLANG_WARN__DUPLICATE_METHOD_MATCH = YES;
				COPY_PHASE_STRIP = NO;
				DEBUG_INFORMATION_FORMAT = dwarf;
				ENABLE_STRICT_OBJC_MSGSEND = YES;
				ENABLE_TESTABILITY = YES;
				GCC_C_LANGUAGE_STANDARD = gnu11;
				GCC_DYNAMIC_NO_PIC = NO;
				GCC_NO_COMMON_BLOCKS = YES;
				GCC_OPTIMIZATION_LEVEL = 0;
				GCC_PREPROCESSOR_DEFINITIONS = (
					"DEBUG=1",
					"$(inherited)",
				);
				GCC_WARN_64_TO_32_BIT_CONVERSION = YES;
				GCC_WARN_ABOUT_RETURN_TYPE = YES_ERROR;
				GCC_WARN_UNDECLARED_SELECTOR = YES;
				GCC_WARN_UNINITIALIZED_AUTOS = YES_AGGRESSIVE;
				GCC_WARN_UNUSED_FUNCTION = YES;
				GCC_WARN_UNUSED_VARIABLE = YES;
				IPHONEOS_DEPLOYMENT_TARGET = 16.4;
				MTL_ENABLE_DEBUG_INFO = INCLUDE_SOURCE;
				MTL_FAST_MATH = YES;
				ONLY_ACTIVE_ARCH = YES;
				SDKROOT = iphoneos;
				SWIFT_ACTIVE_COMPILATION_CONDITIONS = DEBUG;
				SWIFT_OPTIMIZATION_LEVEL = "-Onone";
			};
			name = Debug;
		};
		9AE27FEA2A2CFE1E0057B272 /* Release */ = {
			isa = XCBuildConfiguration;
			buildSettings = {
				ALWAYS_SEARCH_USER_PATHS = NO;
				CLANG_ANALYZER_NONNULL = YES;
				CLANG_ANALYZER_NUMBER_OBJECT_CONVERSION = YES_AGGRESSIVE;
				CLANG_CXX_LANGUAGE_STANDARD = "gnu++20";
				CLANG_ENABLE_MODULES = YES;
				CLANG_ENABLE_OBJC_ARC = YES;
				CLANG_ENABLE_OBJC_WEAK = YES;
				CLANG_WARN_BLOCK_CAPTURE_AUTORELEASING = YES;
				CLANG_WARN_BOOL_CONVERSION = YES;
				CLANG_WARN_COMMA = YES;
				CLANG_WARN_CONSTANT_CONVERSION = YES;
				CLANG_WARN_DEPRECATED_OBJC_IMPLEMENTATIONS = YES;
				CLANG_WARN_DIRECT_OBJC_ISA_USAGE = YES_ERROR;
				CLANG_WARN_DOCUMENTATION_COMMENTS = YES;
				CLANG_WARN_EMPTY_BODY = YES;
				CLANG_WARN_ENUM_CONVERSION = YES;
				CLANG_WARN_INFINITE_RECURSION = YES;
				CLANG_WARN_INT_CONVERSION = YES;
				CLANG_WARN_NON_LITERAL_NULL_CONVERSION = YES;
				CLANG_WARN_OBJC_IMPLICIT_RETAIN_SELF = YES;
				CLANG_WARN_OBJC_LITERAL_CONVERSION = YES;
				CLANG_WARN_OBJC_ROOT_CLASS = YES_ERROR;
				CLANG_WARN_QUOTED_INCLUDE_IN_FRAMEWORK_HEADER = YES;
				CLANG_WARN_RANGE_LOOP_ANALYSIS = YES;
				CLANG_WARN_STRICT_PROTOTYPES = YES;
				CLANG_WARN_SUSPICIOUS_MOVE = YES;
				CLANG_WARN_UNGUARDED_AVAILABILITY = YES_AGGRESSIVE;
				CLANG_WARN_UNREACHABLE_CODE = YES;
				CLANG_WARN__DUPLICATE_METHOD_MATCH = YES;
				COPY_PHASE_STRIP = NO;
				DEBUG_INFORMATION_FORMAT = "dwarf-with-dsym";
				ENABLE_NS_ASSERTIONS = NO;
				ENABLE_STRICT_OBJC_MSGSEND = YES;
				GCC_C_LANGUAGE_STANDARD = gnu11;
				GCC_NO_COMMON_BLOCKS = YES;
				GCC_WARN_64_TO_32_BIT_CONVERSION = YES;
				GCC_WARN_ABOUT_RETURN_TYPE = YES_ERROR;
				GCC_WARN_UNDECLARED_SELECTOR = YES;
				GCC_WARN_UNINITIALIZED_AUTOS = YES_AGGRESSIVE;
				GCC_WARN_UNUSED_FUNCTION = YES;
				GCC_WARN_UNUSED_VARIABLE = YES;
				IPHONEOS_DEPLOYMENT_TARGET = 16.4;
				MTL_ENABLE_DEBUG_INFO = NO;
				MTL_FAST_MATH = YES;
				SDKROOT = iphoneos;
				SWIFT_COMPILATION_MODE = wholemodule;
				SWIFT_OPTIMIZATION_LEVEL = "-O";
				VALIDATE_PRODUCT = YES;
			};
			name = Release;
		};
		9AE27FEC2A2CFE1E0057B272 /* Debug */ = {
			isa = XCBuildConfiguration;
			buildSettings = {
				ASSETCATALOG_COMPILER_APPICON_NAME = AppIcon;
				ASSETCATALOG_COMPILER_GLOBAL_ACCENT_COLOR_NAME = AccentColor;
				CODE_SIGN_STYLE = Automatic;
				CURRENT_PROJECT_VERSION = 1;
				GENERATE_INFOPLIST_FILE = YES;
				INFOPLIST_FILE = calculator/Info.plist;
				INFOPLIST_KEY_UIApplicationSupportsIndirectInputEvents = YES;
				INFOPLIST_KEY_UILaunchStoryboardName = LaunchScreen;
				INFOPLIST_KEY_UIMainStoryboardFile = Main;
				INFOPLIST_KEY_UISupportedInterfaceOrientations_iPad = "UIInterfaceOrientationPortrait UIInterfaceOrientationPortraitUpsideDown UIInterfaceOrientationLandscapeLeft UIInterfaceOrientationLandscapeRight";
				INFOPLIST_KEY_UISupportedInterfaceOrientations_iPhone = "UIInterfaceOrientationPortrait UIInterfaceOrientationLandscapeLeft UIInterfaceOrientationLandscapeRight";
				LD_RUNPATH_SEARCH_PATHS = (
					"$(inherited)",
					"@executable_path/Frameworks",
				);
				MARKETING_VERSION = 1.0;
				PRODUCT_BUNDLE_IDENTIFIER = ado0011.calculator;
				PRODUCT_NAME = "$(TARGET_NAME)";
				SWIFT_EMIT_LOC_STRINGS = YES;
				SWIFT_VERSION = 5.0;
				TARGETED_DEVICE_FAMILY = "1,2";
			};
			name = Debug;
		};
		9AE27FED2A2CFE1E0057B272 /* Release */ = {
			isa = XCBuildConfiguration;
			buildSettings = {
				ASSETCATALOG_COMPILER_APPICON_NAME = AppIcon;
				ASSETCATALOG_COMPILER_GLOBAL_ACCENT_COLOR_NAME = AccentColor;
				CODE_SIGN_STYLE = Automatic;
				CURRENT_PROJECT_VERSION = 1;
				GENERATE_INFOPLIST_FILE = YES;
				INFOPLIST_FILE = calculator/Info.plist;
				INFOPLIST_KEY_UIApplicationSupportsIndirectInputEvents = YES;
				INFOPLIST_KEY_UILaunchStoryboardName = LaunchScreen;
				INFOPLIST_KEY_UIMainStoryboardFile = Main;
				INFOPLIST_KEY_UISupportedInterfaceOrientations_iPad = "UIInterfaceOrientationPortrait UIInterfaceOrientationPortraitUpsideDown UIInterfaceOrientationLandscapeLeft UIInterfaceOrientationLandscapeRight";
				INFOPLIST_KEY_UISupportedInterfaceOrientations_iPhone = "UIInterfaceOrientationPortrait UIInterfaceOrientationLandscapeLeft UIInterfaceOrientationLandscapeRight";
				LD_RUNPATH_SEARCH_PATHS = (
					"$(inherited)",
					"@executable_path/Frameworks",
				);
				MARKETING_VERSION = 1.0;
				PRODUCT_BUNDLE_IDENTIFIER = ado0011.calculator;
				PRODUCT_NAME = "$(TARGET_NAME)";
				SWIFT_EMIT_LOC_STRINGS = YES;
				SWIFT_VERSION = 5.0;
				TARGETED_DEVICE_FAMILY = "1,2";
			};
			name = Release;
		};
		9AE27FEF2A2CFE1E0057B272 /* Debug */ = {
			isa = XCBuildConfiguration;
			buildSettings = {
				ALWAYS_EMBED_SWIFT_STANDARD_LIBRARIES = YES;
				BUNDLE_LOADER = "$(TEST_HOST)";
				CODE_SIGN_STYLE = Automatic;
				CURRENT_PROJECT_VERSION = 1;
				GENERATE_INFOPLIST_FILE = YES;
				IPHONEOS_DEPLOYMENT_TARGET = 16.4;
				MARKETING_VERSION = 1.0;
				PRODUCT_BUNDLE_IDENTIFIER = ado0011.calculatorTests;
				PRODUCT_NAME = "$(TARGET_NAME)";
				SWIFT_EMIT_LOC_STRINGS = NO;
				SWIFT_VERSION = 5.0;
				TARGETED_DEVICE_FAMILY = "1,2";
				TEST_HOST = "$(BUILT_PRODUCTS_DIR)/calculator.app/$(BUNDLE_EXECUTABLE_FOLDER_PATH)/calculator";
			};
			name = Debug;
		};
		9AE27FF02A2CFE1E0057B272 /* Release */ = {
			isa = XCBuildConfiguration;
			buildSettings = {
				ALWAYS_EMBED_SWIFT_STANDARD_LIBRARIES = YES;
				BUNDLE_LOADER = "$(TEST_HOST)";
				CODE_SIGN_STYLE = Automatic;
				CURRENT_PROJECT_VERSION = 1;
				GENERATE_INFOPLIST_FILE = YES;
				IPHONEOS_DEPLOYMENT_TARGET = 16.4;
				MARKETING_VERSION = 1.0;
				PRODUCT_BUNDLE_IDENTIFIER = ado0011.calculatorTests;
				PRODUCT_NAME = "$(TARGET_NAME)";
				SWIFT_EMIT_LOC_STRINGS = NO;
				SWIFT_VERSION = 5.0;
				TARGETED_DEVICE_FAMILY = "1,2";
				TEST_HOST = "$(BUILT_PRODUCTS_DIR)/calculator.app/$(BUNDLE_EXECUTABLE_FOLDER_PATH)/calculator";
			};
			name = Release;
		};
		9AE27FF22A2CFE1E0057B272 /* Debug */ = {
			isa = XCBuildConfiguration;
			buildSettings = {
				ALWAYS_EMBED_SWIFT_STANDARD_LIBRARIES = YES;
				CODE_SIGN_STYLE = Automatic;
				CURRENT_PROJECT_VERSION = 1;
				GENERATE_INFOPLIST_FILE = YES;
				MARKETING_VERSION = 1.0;
				PRODUCT_BUNDLE_IDENTIFIER = ado0011.calculatorUITests;
				PRODUCT_NAME = "$(TARGET_NAME)";
				SWIFT_EMIT_LOC_STRINGS = NO;
				SWIFT_VERSION = 5.0;
				TARGETED_DEVICE_FAMILY = "1,2";
				TEST_TARGET_NAME = calculator;
			};
			name = Debug;
		};
		9AE27FF32A2CFE1E0057B272 /* Release */ = {
			isa = XCBuildConfiguration;
			buildSettings = {
				ALWAYS_EMBED_SWIFT_STANDARD_LIBRARIES = YES;
				CODE_SIGN_STYLE = Automatic;
				CURRENT_PROJECT_VERSION = 1;
				GENERATE_INFOPLIST_FILE = YES;
				MARKETING_VERSION = 1.0;
				PRODUCT_BUNDLE_IDENTIFIER = ado0011.calculatorUITests;
				PRODUCT_NAME = "$(TARGET_NAME)";
				SWIFT_EMIT_LOC_STRINGS = NO;
				SWIFT_VERSION = 5.0;
				TARGETED_DEVICE_FAMILY = "1,2";
				TEST_TARGET_NAME = calculator;
			};
			name = Release;
		};
/* End XCBuildConfiguration section */

/* Begin XCConfigurationList section */
		9AE27FBC2A2CFE1D0057B272 /* Build configuration list for PBXProject "calculator" */ = {
			isa = XCConfigurationList;
			buildConfigurations = (
				9AE27FE92A2CFE1E0057B272 /* Debug */,
				9AE27FEA2A2CFE1E0057B272 /* Release */,
			);
			defaultConfigurationIsVisible = 0;
			defaultConfigurationName = Release;
		};
		9AE27FEB2A2CFE1E0057B272 /* Build configuration list for PBXNativeTarget "calculator" */ = {
			isa = XCConfigurationList;
			buildConfigurations = (
				9AE27FEC2A2CFE1E0057B272 /* Debug */,
				9AE27FED2A2CFE1E0057B272 /* Release */,
			);
			defaultConfigurationIsVisible = 0;
			defaultConfigurationName = Release;
		};
		9AE27FEE2A2CFE1E0057B272 /* Build configuration list for PBXNativeTarget "calculatorTests" */ = {
			isa = XCConfigurationList;
			buildConfigurations = (
				9AE27FEF2A2CFE1E0057B272 /* Debug */,
				9AE27FF02A2CFE1E0057B272 /* Release */,
			);
			defaultConfigurationIsVisible = 0;
			defaultConfigurationName = Release;
		};
		9AE27FF12A2CFE1E0057B272 /* Build configuration list for PBXNativeTarget "calculatorUITests" */ = {
			isa = XCConfigurationList;
			buildConfigurations = (
				9AE27FF22A2CFE1E0057B272 /* Debug */,
				9AE27FF32A2CFE1E0057B272 /* Release */,
			);
			defaultConfigurationIsVisible = 0;
			defaultConfigurationName = Release;
		};
/* End XCConfigurationList section */
	};
	rootObject = 9AE27FB92A2CFE1D0057B272 /* Project object */;
}
